// !$*UTF8*$!
{
	archiveVersion = 1;
	classes = {
	};
	objectVersion = 50;
	objects = {

/* Begin PBXBuildFile section */
		5213C68526AFAB4D00A269A1 /* AppDelegate.swift in Sources */ = {isa = PBXBuildFile; fileRef = 5213C68426AFAB4D00A269A1 /* AppDelegate.swift */; };
		5213C68726AFAB4D00A269A1 /* SceneDelegate.swift in Sources */ = {isa = PBXBuildFile; fileRef = 5213C68626AFAB4D00A269A1 /* SceneDelegate.swift */; };
		5213C68926AFAB4D00A269A1 /* ButtonTestViewController.swift in Sources */ = {isa = PBXBuildFile; fileRef = 5213C68826AFAB4D00A269A1 /* ButtonTestViewController.swift */; };
		5213C68C26AFAB4D00A269A1 /* Main.storyboard in Resources */ = {isa = PBXBuildFile; fileRef = 5213C68A26AFAB4D00A269A1 /* Main.storyboard */; };
		5213C68E26AFAB4E00A269A1 /* Assets.xcassets in Resources */ = {isa = PBXBuildFile; fileRef = 5213C68D26AFAB4E00A269A1 /* Assets.xcassets */; };
		5213C69126AFAB4E00A269A1 /* LaunchScreen.storyboard in Resources */ = {isa = PBXBuildFile; fileRef = 5213C68F26AFAB4E00A269A1 /* LaunchScreen.storyboard */; };
		5213C69926AFAB6900A269A1 /* BaseButton.swift in Sources */ = {isa = PBXBuildFile; fileRef = 5213C69826AFAB6900A269A1 /* BaseButton.swift */; };
		5213C6C126AFAB8800A269A1 /* UIButtonExtension.swift in Sources */ = {isa = PBXBuildFile; fileRef = 5213C69B26AFAB8800A269A1 /* UIButtonExtension.swift */; };
		5213C6C226AFAB8800A269A1 /* CGRectExtensions.swift in Sources */ = {isa = PBXBuildFile; fileRef = 5213C69C26AFAB8800A269A1 /* CGRectExtensions.swift */; };
		5213C6C326AFAB8800A269A1 /* NSLayoutConstraintExtension.swift in Sources */ = {isa = PBXBuildFile; fileRef = 5213C69D26AFAB8800A269A1 /* NSLayoutConstraintExtension.swift */; };
		5213C6C426AFAB8800A269A1 /* CGFloatExtensions.swift in Sources */ = {isa = PBXBuildFile; fileRef = 5213C69E26AFAB8800A269A1 /* CGFloatExtensions.swift */; };
		5213C6C526AFAB8800A269A1 /* UIAlertControllerExtension.swift in Sources */ = {isa = PBXBuildFile; fileRef = 5213C69F26AFAB8800A269A1 /* UIAlertControllerExtension.swift */; };
		5213C6C626AFAB8800A269A1 /* WG_Closure.swift in Sources */ = {isa = PBXBuildFile; fileRef = 5213C6A026AFAB8800A269A1 /* WG_Closure.swift */; };
		5213C6C726AFAB8800A269A1 /* UIImageViewExtension.swift in Sources */ = {isa = PBXBuildFile; fileRef = 5213C6A126AFAB8800A269A1 /* UIImageViewExtension.swift */; };
		5213C6C826AFAB8800A269A1 /* ArrayExtensions.swift in Sources */ = {isa = PBXBuildFile; fileRef = 5213C6A226AFAB8800A269A1 /* ArrayExtensions.swift */; };
		5213C6C926AFAB8800A269A1 /* UITextFieldExtensions.swift in Sources */ = {isa = PBXBuildFile; fileRef = 5213C6A326AFAB8800A269A1 /* UITextFieldExtensions.swift */; };
		5213C6CA26AFAB8800A269A1 /* TimerExtensions.swift in Sources */ = {isa = PBXBuildFile; fileRef = 5213C6A426AFAB8800A269A1 /* TimerExtensions.swift */; };
		5213C6CB26AFAB8800A269A1 /* DictionaryExtensions.swift in Sources */ = {isa = PBXBuildFile; fileRef = 5213C6A526AFAB8800A269A1 /* DictionaryExtensions.swift */; };
		5213C6CC26AFAB8800A269A1 /* StringExtensions.swift in Sources */ = {isa = PBXBuildFile; fileRef = 5213C6A626AFAB8800A269A1 /* StringExtensions.swift */; };
		5213C6CD26AFAB8800A269A1 /* UIStoryboardExtensions.swift in Sources */ = {isa = PBXBuildFile; fileRef = 5213C6A726AFAB8800A269A1 /* UIStoryboardExtensions.swift */; };
		5213C6CE26AFAB8800A269A1 /* NSMutableAttributedStringExtensions.swift in Sources */ = {isa = PBXBuildFile; fileRef = 5213C6A826AFAB8800A269A1 /* NSMutableAttributedStringExtensions.swift */; };
		5213C6CF26AFAB8800A269A1 /* OptionSetExtension.swift in Sources */ = {isa = PBXBuildFile; fileRef = 5213C6A926AFAB8800A269A1 /* OptionSetExtension.swift */; };
		5213C6D026AFAB8800A269A1 /* UITableViewExtension.swift in Sources */ = {isa = PBXBuildFile; fileRef = 5213C6AA26AFAB8800A269A1 /* UITableViewExtension.swift */; };
		5213C6D126AFAB8800A269A1 /* BoolExtensions.swift in Sources */ = {isa = PBXBuildFile; fileRef = 5213C6AB26AFAB8800A269A1 /* BoolExtensions.swift */; };
		5213C6D226AFAB8800A269A1 /* DispatchQueue.swift in Sources */ = {isa = PBXBuildFile; fileRef = 5213C6AC26AFAB8800A269A1 /* DispatchQueue.swift */; };
		5213C6D326AFAB8800A269A1 /* UIAccessibilityExtensions.swift in Sources */ = {isa = PBXBuildFile; fileRef = 5213C6AD26AFAB8800A269A1 /* UIAccessibilityExtensions.swift */; };
		5213C6D426AFAB8800A269A1 /* UIStackViewExtension.swift in Sources */ = {isa = PBXBuildFile; fileRef = 5213C6AE26AFAB8800A269A1 /* UIStackViewExtension.swift */; };
		5213C6D526AFAB8800A269A1 /* URLExtensions.swift in Sources */ = {isa = PBXBuildFile; fileRef = 5213C6AF26AFAB8800A269A1 /* URLExtensions.swift */; };
		5213C6D626AFAB8800A269A1 /* UIViewControllerExtensions.swift in Sources */ = {isa = PBXBuildFile; fileRef = 5213C6B026AFAB8800A269A1 /* UIViewControllerExtensions.swift */; };
		5213C6D726AFAB8800A269A1 /* UITapGestureRecognizerExtension.swift in Sources */ = {isa = PBXBuildFile; fileRef = 5213C6B126AFAB8800A269A1 /* UITapGestureRecognizerExtension.swift */; };
		5213C6D826AFAB8800A269A1 /* JSONSerializableExtension.swift in Sources */ = {isa = PBXBuildFile; fileRef = 5213C6B226AFAB8800A269A1 /* JSONSerializableExtension.swift */; };
		5213C6D926AFAB8800A269A1 /* UIViewExtensions.swift in Sources */ = {isa = PBXBuildFile; fileRef = 5213C6B326AFAB8800A269A1 /* UIViewExtensions.swift */; };
		5213C6DA26AFAB8800A269A1 /* UICollectionViewExtension.swift in Sources */ = {isa = PBXBuildFile; fileRef = 5213C6B426AFAB8800A269A1 /* UICollectionViewExtension.swift */; };
		5213C6DB26AFAB8800A269A1 /* HTTPCookieExtension.swift in Sources */ = {isa = PBXBuildFile; fileRef = 5213C6B526AFAB8800A269A1 /* HTTPCookieExtension.swift */; };
		5213C6DC26AFAB8800A269A1 /* DataExtension.swift in Sources */ = {isa = PBXBuildFile; fileRef = 5213C6B626AFAB8800A269A1 /* DataExtension.swift */; };
		5213C6DD26AFAB8800A269A1 /* LocaleExtensions.swift in Sources */ = {isa = PBXBuildFile; fileRef = 5213C6B726AFAB8800A269A1 /* LocaleExtensions.swift */; };
		5213C6DE26AFAB8800A269A1 /* IntExtensions.swift in Sources */ = {isa = PBXBuildFile; fileRef = 5213C6B826AFAB8800A269A1 /* IntExtensions.swift */; };
		5213C6DF26AFAB8800A269A1 /* DateExtensions.swift in Sources */ = {isa = PBXBuildFile; fileRef = 5213C6B926AFAB8800A269A1 /* DateExtensions.swift */; };
		5213C6E026AFAB8800A269A1 /* UIScrollViewExtension.swift in Sources */ = {isa = PBXBuildFile; fileRef = 5213C6BA26AFAB8800A269A1 /* UIScrollViewExtension.swift */; };
		5213C6E126AFAB8800A269A1 /* UILabelExtensions.swift in Sources */ = {isa = PBXBuildFile; fileRef = 5213C6BB26AFAB8800A269A1 /* UILabelExtensions.swift */; };
		5213C6E226AFAB8800A269A1 /* UIImageExtension.swift in Sources */ = {isa = PBXBuildFile; fileRef = 5213C6BC26AFAB8800A269A1 /* UIImageExtension.swift */; };
		5213C6E326AFAB8800A269A1 /* NSObjectExtensions.swift in Sources */ = {isa = PBXBuildFile; fileRef = 5213C6BD26AFAB8800A269A1 /* NSObjectExtensions.swift */; };
		5213C6E426AFAB8800A269A1 /* DoubleExtension.swift in Sources */ = {isa = PBXBuildFile; fileRef = 5213C6BE26AFAB8800A269A1 /* DoubleExtension.swift */; };
		5213C6E526AFAB8800A269A1 /* UIDeviceExtensions.swift in Sources */ = {isa = PBXBuildFile; fileRef = 5213C6BF26AFAB8800A269A1 /* UIDeviceExtensions.swift */; };
		5213C6E626AFAB8800A269A1 /* UIColorExtensions.swift in Sources */ = {isa = PBXBuildFile; fileRef = 5213C6C026AFAB8800A269A1 /* UIColorExtensions.swift */; };
		5213C6FB26AFBD7E00A269A1 /* Font.swift in Sources */ = {isa = PBXBuildFile; fileRef = 5213C6FA26AFBD7E00A269A1 /* Font.swift */; };
		5213C73126AFD04D00A269A1 /* DropDownCell.xib in Resources */ = {isa = PBXBuildFile; fileRef = 5213C72726AFD04D00A269A1 /* DropDownCell.xib */; };
		5213C73226AFD04D00A269A1 /* DPDKeyboardListener.swift in Sources */ = {isa = PBXBuildFile; fileRef = 5213C72926AFD04D00A269A1 /* DPDKeyboardListener.swift */; };
		5213C73326AFD04D00A269A1 /* DPDConstants.swift in Sources */ = {isa = PBXBuildFile; fileRef = 5213C72A26AFD04D00A269A1 /* DPDConstants.swift */; };
		5213C73426AFD04D00A269A1 /* DPDUIView+Extension.swift in Sources */ = {isa = PBXBuildFile; fileRef = 5213C72B26AFD04D00A269A1 /* DPDUIView+Extension.swift */; };
		5213C73626AFD04D00A269A1 /* DropDown.swift in Sources */ = {isa = PBXBuildFile; fileRef = 5213C72E26AFD04D00A269A1 /* DropDown.swift */; };
		5213C73726AFD04D00A269A1 /* DropDownCell.swift in Sources */ = {isa = PBXBuildFile; fileRef = 5213C72F26AFD04D00A269A1 /* DropDownCell.swift */; };
		5213C73826AFD04D00A269A1 /* DropDown+Appearance.swift in Sources */ = {isa = PBXBuildFile; fileRef = 5213C73026AFD04D00A269A1 /* DropDown+Appearance.swift */; };
		5213C73B26AFE70D00A269A1 /* colorWheel.png in Resources */ = {isa = PBXBuildFile; fileRef = 5213C73A26AFE70D00A269A1 /* colorWheel.png */; };
		5213C73D26AFE72000A269A1 /* ColorPickerView.swift in Sources */ = {isa = PBXBuildFile; fileRef = 5213C73C26AFE72000A269A1 /* ColorPickerView.swift */; };
		5213C73F26AFF86100A269A1 /* palette.png in Resources */ = {isa = PBXBuildFile; fileRef = 5213C73E26AFF86100A269A1 /* palette.png */; };
		5213C74126AFFF5F00A269A1 /* BaseLabel.swift in Sources */ = {isa = PBXBuildFile; fileRef = 5213C74026AFFF5F00A269A1 /* BaseLabel.swift */; };
		5226644D26C3B30F00A0D1F6 /* RootViewController.swift in Sources */ = {isa = PBXBuildFile; fileRef = 5226644C26C3B30F00A0D1F6 /* RootViewController.swift */; };
		5226644F26C3B45700A0D1F6 /* LabelTestViewController.swift in Sources */ = {isa = PBXBuildFile; fileRef = 5226644E26C3B45700A0D1F6 /* LabelTestViewController.swift */; };
		5226645126C3B4EB00A0D1F6 /* RouterProtocol.swift in Sources */ = {isa = PBXBuildFile; fileRef = 5226645026C3B4EB00A0D1F6 /* RouterProtocol.swift */; };
		5226645826C3B52900A0D1F6 /* PopAnimator.swift in Sources */ = {isa = PBXBuildFile; fileRef = 5226645426C3B52900A0D1F6 /* PopAnimator.swift */; };
		5226645926C3B52900A0D1F6 /* SnapShotView.swift in Sources */ = {isa = PBXBuildFile; fileRef = 5226645526C3B52900A0D1F6 /* SnapShotView.swift */; };
		5226645A26C3B52900A0D1F6 /* PushAnimator.swift in Sources */ = {isa = PBXBuildFile; fileRef = 5226645626C3B52900A0D1F6 /* PushAnimator.swift */; };
		5226645B26C3B52900A0D1F6 /* NavigationManager.swift in Sources */ = {isa = PBXBuildFile; fileRef = 5226645726C3B52900A0D1F6 /* NavigationManager.swift */; };
		5226645D26C3BA3E00A0D1F6 /* ButtonFullCaseViewController.swift in Sources */ = {isa = PBXBuildFile; fileRef = 5226645C26C3BA3E00A0D1F6 /* ButtonFullCaseViewController.swift */; };
		5226646126C3C85B00A0D1F6 /* LabelFullCaseViewController.swift in Sources */ = {isa = PBXBuildFile; fileRef = 5226646026C3C85B00A0D1F6 /* LabelFullCaseViewController.swift */; };
/* End PBXBuildFile section */

/* Begin PBXFileReference section */
		5213C68126AFAB4D00A269A1 /* BaseUITest.app */ = {isa = PBXFileReference; explicitFileType = wrapper.application; includeInIndex = 0; path = BaseUITest.app; sourceTree = BUILT_PRODUCTS_DIR; };
		5213C68426AFAB4D00A269A1 /* AppDelegate.swift */ = {isa = PBXFileReference; lastKnownFileType = sourcecode.swift; path = AppDelegate.swift; sourceTree = "<group>"; };
		5213C68626AFAB4D00A269A1 /* SceneDelegate.swift */ = {isa = PBXFileReference; lastKnownFileType = sourcecode.swift; path = SceneDelegate.swift; sourceTree = "<group>"; };
		5213C68826AFAB4D00A269A1 /* ButtonTestViewController.swift */ = {isa = PBXFileReference; lastKnownFileType = sourcecode.swift; path = ButtonTestViewController.swift; sourceTree = "<group>"; };
		5213C68B26AFAB4D00A269A1 /* Base */ = {isa = PBXFileReference; lastKnownFileType = file.storyboard; name = Base; path = Base.lproj/Main.storyboard; sourceTree = "<group>"; };
		5213C68D26AFAB4E00A269A1 /* Assets.xcassets */ = {isa = PBXFileReference; lastKnownFileType = folder.assetcatalog; path = Assets.xcassets; sourceTree = "<group>"; };
		5213C69026AFAB4E00A269A1 /* Base */ = {isa = PBXFileReference; lastKnownFileType = file.storyboard; name = Base; path = Base.lproj/LaunchScreen.storyboard; sourceTree = "<group>"; };
		5213C69226AFAB4E00A269A1 /* Info.plist */ = {isa = PBXFileReference; lastKnownFileType = text.plist.xml; path = Info.plist; sourceTree = "<group>"; };
		5213C69826AFAB6900A269A1 /* BaseButton.swift */ = {isa = PBXFileReference; fileEncoding = 4; lastKnownFileType = sourcecode.swift; path = BaseButton.swift; sourceTree = "<group>"; };
		5213C69B26AFAB8800A269A1 /* UIButtonExtension.swift */ = {isa = PBXFileReference; fileEncoding = 4; lastKnownFileType = sourcecode.swift; path = UIButtonExtension.swift; sourceTree = "<group>"; };
		5213C69C26AFAB8800A269A1 /* CGRectExtensions.swift */ = {isa = PBXFileReference; fileEncoding = 4; lastKnownFileType = sourcecode.swift; path = CGRectExtensions.swift; sourceTree = "<group>"; };
		5213C69D26AFAB8800A269A1 /* NSLayoutConstraintExtension.swift */ = {isa = PBXFileReference; fileEncoding = 4; lastKnownFileType = sourcecode.swift; path = NSLayoutConstraintExtension.swift; sourceTree = "<group>"; };
		5213C69E26AFAB8800A269A1 /* CGFloatExtensions.swift */ = {isa = PBXFileReference; fileEncoding = 4; lastKnownFileType = sourcecode.swift; path = CGFloatExtensions.swift; sourceTree = "<group>"; };
		5213C69F26AFAB8800A269A1 /* UIAlertControllerExtension.swift */ = {isa = PBXFileReference; fileEncoding = 4; lastKnownFileType = sourcecode.swift; path = UIAlertControllerExtension.swift; sourceTree = "<group>"; };
		5213C6A026AFAB8800A269A1 /* WG_Closure.swift */ = {isa = PBXFileReference; fileEncoding = 4; lastKnownFileType = sourcecode.swift; path = WG_Closure.swift; sourceTree = "<group>"; };
		5213C6A126AFAB8800A269A1 /* UIImageViewExtension.swift */ = {isa = PBXFileReference; fileEncoding = 4; lastKnownFileType = sourcecode.swift; path = UIImageViewExtension.swift; sourceTree = "<group>"; };
		5213C6A226AFAB8800A269A1 /* ArrayExtensions.swift */ = {isa = PBXFileReference; fileEncoding = 4; lastKnownFileType = sourcecode.swift; path = ArrayExtensions.swift; sourceTree = "<group>"; };
		5213C6A326AFAB8800A269A1 /* UITextFieldExtensions.swift */ = {isa = PBXFileReference; fileEncoding = 4; lastKnownFileType = sourcecode.swift; path = UITextFieldExtensions.swift; sourceTree = "<group>"; };
		5213C6A426AFAB8800A269A1 /* TimerExtensions.swift */ = {isa = PBXFileReference; fileEncoding = 4; lastKnownFileType = sourcecode.swift; path = TimerExtensions.swift; sourceTree = "<group>"; };
		5213C6A526AFAB8800A269A1 /* DictionaryExtensions.swift */ = {isa = PBXFileReference; fileEncoding = 4; lastKnownFileType = sourcecode.swift; path = DictionaryExtensions.swift; sourceTree = "<group>"; };
		5213C6A626AFAB8800A269A1 /* StringExtensions.swift */ = {isa = PBXFileReference; fileEncoding = 4; lastKnownFileType = sourcecode.swift; path = StringExtensions.swift; sourceTree = "<group>"; };
		5213C6A726AFAB8800A269A1 /* UIStoryboardExtensions.swift */ = {isa = PBXFileReference; fileEncoding = 4; lastKnownFileType = sourcecode.swift; path = UIStoryboardExtensions.swift; sourceTree = "<group>"; };
		5213C6A826AFAB8800A269A1 /* NSMutableAttributedStringExtensions.swift */ = {isa = PBXFileReference; fileEncoding = 4; lastKnownFileType = sourcecode.swift; path = NSMutableAttributedStringExtensions.swift; sourceTree = "<group>"; };
		5213C6A926AFAB8800A269A1 /* OptionSetExtension.swift */ = {isa = PBXFileReference; fileEncoding = 4; lastKnownFileType = sourcecode.swift; path = OptionSetExtension.swift; sourceTree = "<group>"; };
		5213C6AA26AFAB8800A269A1 /* UITableViewExtension.swift */ = {isa = PBXFileReference; fileEncoding = 4; lastKnownFileType = sourcecode.swift; path = UITableViewExtension.swift; sourceTree = "<group>"; };
		5213C6AB26AFAB8800A269A1 /* BoolExtensions.swift */ = {isa = PBXFileReference; fileEncoding = 4; lastKnownFileType = sourcecode.swift; path = BoolExtensions.swift; sourceTree = "<group>"; };
		5213C6AC26AFAB8800A269A1 /* DispatchQueue.swift */ = {isa = PBXFileReference; fileEncoding = 4; lastKnownFileType = sourcecode.swift; path = DispatchQueue.swift; sourceTree = "<group>"; };
		5213C6AD26AFAB8800A269A1 /* UIAccessibilityExtensions.swift */ = {isa = PBXFileReference; fileEncoding = 4; lastKnownFileType = sourcecode.swift; path = UIAccessibilityExtensions.swift; sourceTree = "<group>"; };
		5213C6AE26AFAB8800A269A1 /* UIStackViewExtension.swift */ = {isa = PBXFileReference; fileEncoding = 4; lastKnownFileType = sourcecode.swift; path = UIStackViewExtension.swift; sourceTree = "<group>"; };
		5213C6AF26AFAB8800A269A1 /* URLExtensions.swift */ = {isa = PBXFileReference; fileEncoding = 4; lastKnownFileType = sourcecode.swift; path = URLExtensions.swift; sourceTree = "<group>"; };
		5213C6B026AFAB8800A269A1 /* UIViewControllerExtensions.swift */ = {isa = PBXFileReference; fileEncoding = 4; lastKnownFileType = sourcecode.swift; path = UIViewControllerExtensions.swift; sourceTree = "<group>"; };
		5213C6B126AFAB8800A269A1 /* UITapGestureRecognizerExtension.swift */ = {isa = PBXFileReference; fileEncoding = 4; lastKnownFileType = sourcecode.swift; path = UITapGestureRecognizerExtension.swift; sourceTree = "<group>"; };
		5213C6B226AFAB8800A269A1 /* JSONSerializableExtension.swift */ = {isa = PBXFileReference; fileEncoding = 4; lastKnownFileType = sourcecode.swift; path = JSONSerializableExtension.swift; sourceTree = "<group>"; };
		5213C6B326AFAB8800A269A1 /* UIViewExtensions.swift */ = {isa = PBXFileReference; fileEncoding = 4; lastKnownFileType = sourcecode.swift; path = UIViewExtensions.swift; sourceTree = "<group>"; };
		5213C6B426AFAB8800A269A1 /* UICollectionViewExtension.swift */ = {isa = PBXFileReference; fileEncoding = 4; lastKnownFileType = sourcecode.swift; path = UICollectionViewExtension.swift; sourceTree = "<group>"; };
		5213C6B526AFAB8800A269A1 /* HTTPCookieExtension.swift */ = {isa = PBXFileReference; fileEncoding = 4; lastKnownFileType = sourcecode.swift; path = HTTPCookieExtension.swift; sourceTree = "<group>"; };
		5213C6B626AFAB8800A269A1 /* DataExtension.swift */ = {isa = PBXFileReference; fileEncoding = 4; lastKnownFileType = sourcecode.swift; path = DataExtension.swift; sourceTree = "<group>"; };
		5213C6B726AFAB8800A269A1 /* LocaleExtensions.swift */ = {isa = PBXFileReference; fileEncoding = 4; lastKnownFileType = sourcecode.swift; path = LocaleExtensions.swift; sourceTree = "<group>"; };
		5213C6B826AFAB8800A269A1 /* IntExtensions.swift */ = {isa = PBXFileReference; fileEncoding = 4; lastKnownFileType = sourcecode.swift; path = IntExtensions.swift; sourceTree = "<group>"; };
		5213C6B926AFAB8800A269A1 /* DateExtensions.swift */ = {isa = PBXFileReference; fileEncoding = 4; lastKnownFileType = sourcecode.swift; path = DateExtensions.swift; sourceTree = "<group>"; };
		5213C6BA26AFAB8800A269A1 /* UIScrollViewExtension.swift */ = {isa = PBXFileReference; fileEncoding = 4; lastKnownFileType = sourcecode.swift; path = UIScrollViewExtension.swift; sourceTree = "<group>"; };
		5213C6BB26AFAB8800A269A1 /* UILabelExtensions.swift */ = {isa = PBXFileReference; fileEncoding = 4; lastKnownFileType = sourcecode.swift; path = UILabelExtensions.swift; sourceTree = "<group>"; };
		5213C6BC26AFAB8800A269A1 /* UIImageExtension.swift */ = {isa = PBXFileReference; fileEncoding = 4; lastKnownFileType = sourcecode.swift; path = UIImageExtension.swift; sourceTree = "<group>"; };
		5213C6BD26AFAB8800A269A1 /* NSObjectExtensions.swift */ = {isa = PBXFileReference; fileEncoding = 4; lastKnownFileType = sourcecode.swift; path = NSObjectExtensions.swift; sourceTree = "<group>"; };
		5213C6BE26AFAB8800A269A1 /* DoubleExtension.swift */ = {isa = PBXFileReference; fileEncoding = 4; lastKnownFileType = sourcecode.swift; path = DoubleExtension.swift; sourceTree = "<group>"; };
		5213C6BF26AFAB8800A269A1 /* UIDeviceExtensions.swift */ = {isa = PBXFileReference; fileEncoding = 4; lastKnownFileType = sourcecode.swift; path = UIDeviceExtensions.swift; sourceTree = "<group>"; };
		5213C6C026AFAB8800A269A1 /* UIColorExtensions.swift */ = {isa = PBXFileReference; fileEncoding = 4; lastKnownFileType = sourcecode.swift; path = UIColorExtensions.swift; sourceTree = "<group>"; };
		5213C6FA26AFBD7E00A269A1 /* Font.swift */ = {isa = PBXFileReference; lastKnownFileType = sourcecode.swift; path = Font.swift; sourceTree = "<group>"; };
		5213C72526AFD04D00A269A1 /* DropDown.h */ = {isa = PBXFileReference; fileEncoding = 4; lastKnownFileType = sourcecode.c.h; path = DropDown.h; sourceTree = "<group>"; };
		5213C72726AFD04D00A269A1 /* DropDownCell.xib */ = {isa = PBXFileReference; fileEncoding = 4; lastKnownFileType = file.xib; path = DropDownCell.xib; sourceTree = "<group>"; };
		5213C72926AFD04D00A269A1 /* DPDKeyboardListener.swift */ = {isa = PBXFileReference; fileEncoding = 4; lastKnownFileType = sourcecode.swift; path = DPDKeyboardListener.swift; sourceTree = "<group>"; };
		5213C72A26AFD04D00A269A1 /* DPDConstants.swift */ = {isa = PBXFileReference; fileEncoding = 4; lastKnownFileType = sourcecode.swift; path = DPDConstants.swift; sourceTree = "<group>"; };
		5213C72B26AFD04D00A269A1 /* DPDUIView+Extension.swift */ = {isa = PBXFileReference; fileEncoding = 4; lastKnownFileType = sourcecode.swift; path = "DPDUIView+Extension.swift"; sourceTree = "<group>"; };
		5213C72E26AFD04D00A269A1 /* DropDown.swift */ = {isa = PBXFileReference; fileEncoding = 4; lastKnownFileType = sourcecode.swift; path = DropDown.swift; sourceTree = "<group>"; };
		5213C72F26AFD04D00A269A1 /* DropDownCell.swift */ = {isa = PBXFileReference; fileEncoding = 4; lastKnownFileType = sourcecode.swift; path = DropDownCell.swift; sourceTree = "<group>"; };
		5213C73026AFD04D00A269A1 /* DropDown+Appearance.swift */ = {isa = PBXFileReference; fileEncoding = 4; lastKnownFileType = sourcecode.swift; path = "DropDown+Appearance.swift"; sourceTree = "<group>"; };
		5213C73A26AFE70D00A269A1 /* colorWheel.png */ = {isa = PBXFileReference; lastKnownFileType = image.png; path = colorWheel.png; sourceTree = "<group>"; };
		5213C73C26AFE72000A269A1 /* ColorPickerView.swift */ = {isa = PBXFileReference; lastKnownFileType = sourcecode.swift; path = ColorPickerView.swift; sourceTree = "<group>"; };
		5213C73E26AFF86100A269A1 /* palette.png */ = {isa = PBXFileReference; lastKnownFileType = image.png; path = palette.png; sourceTree = "<group>"; };
		5213C74026AFFF5F00A269A1 /* BaseLabel.swift */ = {isa = PBXFileReference; fileEncoding = 4; lastKnownFileType = sourcecode.swift; path = BaseLabel.swift; sourceTree = "<group>"; };
		5226644C26C3B30F00A0D1F6 /* RootViewController.swift */ = {isa = PBXFileReference; lastKnownFileType = sourcecode.swift; path = RootViewController.swift; sourceTree = "<group>"; };
		5226644E26C3B45700A0D1F6 /* LabelTestViewController.swift */ = {isa = PBXFileReference; fileEncoding = 4; lastKnownFileType = sourcecode.swift; path = LabelTestViewController.swift; sourceTree = "<group>"; };
		5226645026C3B4EB00A0D1F6 /* RouterProtocol.swift */ = {isa = PBXFileReference; fileEncoding = 4; lastKnownFileType = sourcecode.swift; path = RouterProtocol.swift; sourceTree = "<group>"; };
		5226645426C3B52900A0D1F6 /* PopAnimator.swift */ = {isa = PBXFileReference; fileEncoding = 4; lastKnownFileType = sourcecode.swift; path = PopAnimator.swift; sourceTree = "<group>"; };
		5226645526C3B52900A0D1F6 /* SnapShotView.swift */ = {isa = PBXFileReference; fileEncoding = 4; lastKnownFileType = sourcecode.swift; path = SnapShotView.swift; sourceTree = "<group>"; };
		5226645626C3B52900A0D1F6 /* PushAnimator.swift */ = {isa = PBXFileReference; fileEncoding = 4; lastKnownFileType = sourcecode.swift; path = PushAnimator.swift; sourceTree = "<group>"; };
		5226645726C3B52900A0D1F6 /* NavigationManager.swift */ = {isa = PBXFileReference; fileEncoding = 4; lastKnownFileType = sourcecode.swift; path = NavigationManager.swift; sourceTree = "<group>"; };
		5226645C26C3BA3E00A0D1F6 /* ButtonFullCaseViewController.swift */ = {isa = PBXFileReference; lastKnownFileType = sourcecode.swift; path = ButtonFullCaseViewController.swift; sourceTree = "<group>"; };
		5226646026C3C85B00A0D1F6 /* LabelFullCaseViewController.swift */ = {isa = PBXFileReference; fileEncoding = 4; lastKnownFileType = sourcecode.swift; path = LabelFullCaseViewController.swift; sourceTree = "<group>"; };
/* End PBXFileReference section */

/* Begin PBXFrameworksBuildPhase section */
		5213C67E26AFAB4D00A269A1 /* Frameworks */ = {
			isa = PBXFrameworksBuildPhase;
			buildActionMask = 2147483647;
			files = (
			);
			runOnlyForDeploymentPostprocessing = 0;
		};
/* End PBXFrameworksBuildPhase section */

/* Begin PBXGroup section */
		5213C67826AFAB4D00A269A1 = {
			isa = PBXGroup;
			children = (
				5213C68326AFAB4D00A269A1 /* BaseUITest */,
				5213C68226AFAB4D00A269A1 /* Products */,
			);
			sourceTree = "<group>";
		};
		5213C68226AFAB4D00A269A1 /* Products */ = {
			isa = PBXGroup;
			children = (
				5213C68126AFAB4D00A269A1 /* BaseUITest.app */,
			);
			name = Products;
			sourceTree = "<group>";
		};
		5213C68326AFAB4D00A269A1 /* BaseUITest */ = {
			isa = PBXGroup;
			children = (
				5226645F26C3BA6100A0D1F6 /* LabelTest */,
				5226645E26C3BA4800A0D1F6 /* ButtonTest */,
				5226645226C3B4F900A0D1F6 /* Util */,
				5213C73926AFE6FA00A269A1 /* ColorPicker */,
				5213C72426AFD04D00A269A1 /* DropDown */,
				5213C69A26AFAB8800A269A1 /* extensions */,
				5213C68426AFAB4D00A269A1 /* AppDelegate.swift */,
				5213C68626AFAB4D00A269A1 /* SceneDelegate.swift */,
				5226644C26C3B30F00A0D1F6 /* RootViewController.swift */,
				5213C68A26AFAB4D00A269A1 /* Main.storyboard */,
				5213C68D26AFAB4E00A269A1 /* Assets.xcassets */,
				5213C68F26AFAB4E00A269A1 /* LaunchScreen.storyboard */,
				5213C69226AFAB4E00A269A1 /* Info.plist */,
			);
			path = BaseUITest;
			sourceTree = "<group>";
		};
		5213C69A26AFAB8800A269A1 /* extensions */ = {
			isa = PBXGroup;
			children = (
				5213C69B26AFAB8800A269A1 /* UIButtonExtension.swift */,
				5213C69C26AFAB8800A269A1 /* CGRectExtensions.swift */,
				5213C69D26AFAB8800A269A1 /* NSLayoutConstraintExtension.swift */,
				5213C69E26AFAB8800A269A1 /* CGFloatExtensions.swift */,
				5213C69F26AFAB8800A269A1 /* UIAlertControllerExtension.swift */,
				5213C6A026AFAB8800A269A1 /* WG_Closure.swift */,
				5213C6A126AFAB8800A269A1 /* UIImageViewExtension.swift */,
				5213C6A226AFAB8800A269A1 /* ArrayExtensions.swift */,
				5213C6A326AFAB8800A269A1 /* UITextFieldExtensions.swift */,
				5213C6A426AFAB8800A269A1 /* TimerExtensions.swift */,
				5213C6A526AFAB8800A269A1 /* DictionaryExtensions.swift */,
				5213C6A626AFAB8800A269A1 /* StringExtensions.swift */,
				5213C6A726AFAB8800A269A1 /* UIStoryboardExtensions.swift */,
				5213C6A826AFAB8800A269A1 /* NSMutableAttributedStringExtensions.swift */,
				5213C6A926AFAB8800A269A1 /* OptionSetExtension.swift */,
				5213C6AA26AFAB8800A269A1 /* UITableViewExtension.swift */,
				5213C6AB26AFAB8800A269A1 /* BoolExtensions.swift */,
				5213C6AC26AFAB8800A269A1 /* DispatchQueue.swift */,
				5213C6AD26AFAB8800A269A1 /* UIAccessibilityExtensions.swift */,
				5213C6AE26AFAB8800A269A1 /* UIStackViewExtension.swift */,
				5213C6AF26AFAB8800A269A1 /* URLExtensions.swift */,
				5213C6B026AFAB8800A269A1 /* UIViewControllerExtensions.swift */,
				5213C6B126AFAB8800A269A1 /* UITapGestureRecognizerExtension.swift */,
				5213C6B226AFAB8800A269A1 /* JSONSerializableExtension.swift */,
				5213C6B326AFAB8800A269A1 /* UIViewExtensions.swift */,
				5213C6B426AFAB8800A269A1 /* UICollectionViewExtension.swift */,
				5213C6B526AFAB8800A269A1 /* HTTPCookieExtension.swift */,
				5213C6B626AFAB8800A269A1 /* DataExtension.swift */,
				5213C6B726AFAB8800A269A1 /* LocaleExtensions.swift */,
				5213C6B826AFAB8800A269A1 /* IntExtensions.swift */,
				5213C6B926AFAB8800A269A1 /* DateExtensions.swift */,
				5213C6BA26AFAB8800A269A1 /* UIScrollViewExtension.swift */,
				5213C6BB26AFAB8800A269A1 /* UILabelExtensions.swift */,
				5213C6BC26AFAB8800A269A1 /* UIImageExtension.swift */,
				5213C6BD26AFAB8800A269A1 /* NSObjectExtensions.swift */,
				5213C6BE26AFAB8800A269A1 /* DoubleExtension.swift */,
				5213C6BF26AFAB8800A269A1 /* UIDeviceExtensions.swift */,
				5213C6C026AFAB8800A269A1 /* UIColorExtensions.swift */,
				5213C6FA26AFBD7E00A269A1 /* Font.swift */,
			);
			path = extensions;
			sourceTree = "<group>";
		};
		5213C72426AFD04D00A269A1 /* DropDown */ = {
			isa = PBXGroup;
			children = (
				5213C72526AFD04D00A269A1 /* DropDown.h */,
				5213C72626AFD04D00A269A1 /* resources */,
				5213C72826AFD04D00A269A1 /* helpers */,
				5213C72D26AFD04D00A269A1 /* src */,
			);
			path = DropDown;
			sourceTree = "<group>";
		};
		5213C72626AFD04D00A269A1 /* resources */ = {
			isa = PBXGroup;
			children = (
				5213C72726AFD04D00A269A1 /* DropDownCell.xib */,
			);
			path = resources;
			sourceTree = "<group>";
		};
		5213C72826AFD04D00A269A1 /* helpers */ = {
			isa = PBXGroup;
			children = (
				5213C72926AFD04D00A269A1 /* DPDKeyboardListener.swift */,
				5213C72A26AFD04D00A269A1 /* DPDConstants.swift */,
				5213C72B26AFD04D00A269A1 /* DPDUIView+Extension.swift */,
			);
			path = helpers;
			sourceTree = "<group>";
		};
		5213C72D26AFD04D00A269A1 /* src */ = {
			isa = PBXGroup;
			children = (
				5213C72E26AFD04D00A269A1 /* DropDown.swift */,
				5213C72F26AFD04D00A269A1 /* DropDownCell.swift */,
				5213C73026AFD04D00A269A1 /* DropDown+Appearance.swift */,
			);
			path = src;
			sourceTree = "<group>";
		};
		5213C73926AFE6FA00A269A1 /* ColorPicker */ = {
			isa = PBXGroup;
			children = (
				5213C73E26AFF86100A269A1 /* palette.png */,
				5213C73A26AFE70D00A269A1 /* colorWheel.png */,
				5213C73C26AFE72000A269A1 /* ColorPickerView.swift */,
			);
			path = ColorPicker;
			sourceTree = "<group>";
		};
		5226645226C3B4F900A0D1F6 /* Util */ = {
			isa = PBXGroup;
			children = (
				5226645326C3B52900A0D1F6 /* NavigationUtil */,
			);
			path = Util;
			sourceTree = "<group>";
		};
		5226645326C3B52900A0D1F6 /* NavigationUtil */ = {
			isa = PBXGroup;
			children = (
				5226645026C3B4EB00A0D1F6 /* RouterProtocol.swift */,
				5226645426C3B52900A0D1F6 /* PopAnimator.swift */,
				5226645526C3B52900A0D1F6 /* SnapShotView.swift */,
				5226645626C3B52900A0D1F6 /* PushAnimator.swift */,
				5226645726C3B52900A0D1F6 /* NavigationManager.swift */,
			);
			path = NavigationUtil;
			sourceTree = "<group>";
		};
		5226645E26C3BA4800A0D1F6 /* ButtonTest */ = {
			isa = PBXGroup;
			children = (
				5213C69826AFAB6900A269A1 /* BaseButton.swift */,
				5213C68826AFAB4D00A269A1 /* ButtonTestViewController.swift */,
				5226645C26C3BA3E00A0D1F6 /* ButtonFullCaseViewController.swift */,
			);
			path = ButtonTest;
			sourceTree = "<group>";
		};
		5226645F26C3BA6100A0D1F6 /* LabelTest */ = {
			isa = PBXGroup;
			children = (
				5213C74026AFFF5F00A269A1 /* BaseLabel.swift */,
				5226644E26C3B45700A0D1F6 /* LabelTestViewController.swift */,
				5226646026C3C85B00A0D1F6 /* LabelFullCaseViewController.swift */,
			);
			path = LabelTest;
			sourceTree = "<group>";
		};
/* End PBXGroup section */

/* Begin PBXNativeTarget section */
		5213C68026AFAB4D00A269A1 /* BaseUITest */ = {
			isa = PBXNativeTarget;
			buildConfigurationList = 5213C69526AFAB4E00A269A1 /* Build configuration list for PBXNativeTarget "BaseUITest" */;
			buildPhases = (
				5213C67D26AFAB4D00A269A1 /* Sources */,
				5213C67E26AFAB4D00A269A1 /* Frameworks */,
				5213C67F26AFAB4D00A269A1 /* Resources */,
			);
			buildRules = (
			);
			dependencies = (
			);
			name = BaseUITest;
			productName = BaseUITest;
			productReference = 5213C68126AFAB4D00A269A1 /* BaseUITest.app */;
			productType = "com.apple.product-type.application";
		};
/* End PBXNativeTarget section */

/* Begin PBXProject section */
		5213C67926AFAB4D00A269A1 /* Project object */ = {
			isa = PBXProject;
			attributes = {
				LastSwiftUpdateCheck = 1250;
				LastUpgradeCheck = 1250;
				TargetAttributes = {
					5213C68026AFAB4D00A269A1 = {
						CreatedOnToolsVersion = 12.5;
					};
				};
			};
			buildConfigurationList = 5213C67C26AFAB4D00A269A1 /* Build configuration list for PBXProject "BaseUITest" */;
			compatibilityVersion = "Xcode 9.3";
			developmentRegion = en;
			hasScannedForEncodings = 0;
			knownRegions = (
				en,
				Base,
			);
			mainGroup = 5213C67826AFAB4D00A269A1;
			productRefGroup = 5213C68226AFAB4D00A269A1 /* Products */;
			projectDirPath = "";
			projectRoot = "";
			targets = (
				5213C68026AFAB4D00A269A1 /* BaseUITest */,
			);
		};
/* End PBXProject section */

/* Begin PBXResourcesBuildPhase section */
		5213C67F26AFAB4D00A269A1 /* Resources */ = {
			isa = PBXResourcesBuildPhase;
			buildActionMask = 2147483647;
			files = (
				5213C73F26AFF86100A269A1 /* palette.png in Resources */,
				5213C69126AFAB4E00A269A1 /* LaunchScreen.storyboard in Resources */,
				5213C68E26AFAB4E00A269A1 /* Assets.xcassets in Resources */,
				5213C73126AFD04D00A269A1 /* DropDownCell.xib in Resources */,
				5213C68C26AFAB4D00A269A1 /* Main.storyboard in Resources */,
				5213C73B26AFE70D00A269A1 /* colorWheel.png in Resources */,
			);
			runOnlyForDeploymentPostprocessing = 0;
		};
/* End PBXResourcesBuildPhase section */

/* Begin PBXSourcesBuildPhase section */
		5213C67D26AFAB4D00A269A1 /* Sources */ = {
			isa = PBXSourcesBuildPhase;
			buildActionMask = 2147483647;
			files = (
				5213C6E426AFAB8800A269A1 /* DoubleExtension.swift in Sources */,
				5213C68926AFAB4D00A269A1 /* ButtonTestViewController.swift in Sources */,
				5213C6E526AFAB8800A269A1 /* UIDeviceExtensions.swift in Sources */,
				5213C73226AFD04D00A269A1 /* DPDKeyboardListener.swift in Sources */,
				5213C6D426AFAB8800A269A1 /* UIStackViewExtension.swift in Sources */,
				5213C6D526AFAB8800A269A1 /* URLExtensions.swift in Sources */,
				5213C6D226AFAB8800A269A1 /* DispatchQueue.swift in Sources */,
				5213C6DA26AFAB8800A269A1 /* UICollectionViewExtension.swift in Sources */,
				5226645D26C3BA3E00A0D1F6 /* ButtonFullCaseViewController.swift in Sources */,
				5213C6DE26AFAB8800A269A1 /* IntExtensions.swift in Sources */,
				5213C6DC26AFAB8800A269A1 /* DataExtension.swift in Sources */,
				5213C73726AFD04D00A269A1 /* DropDownCell.swift in Sources */,
				5213C6C626AFAB8800A269A1 /* WG_Closure.swift in Sources */,
				5213C6C226AFAB8800A269A1 /* CGRectExtensions.swift in Sources */,
				5226646126C3C85B00A0D1F6 /* LabelFullCaseViewController.swift in Sources */,
				5226645B26C3B52900A0D1F6 /* NavigationManager.swift in Sources */,
				5213C6C426AFAB8800A269A1 /* CGFloatExtensions.swift in Sources */,
				5226645826C3B52900A0D1F6 /* PopAnimator.swift in Sources */,
				5213C6CE26AFAB8800A269A1 /* NSMutableAttributedStringExtensions.swift in Sources */,
				5213C6E026AFAB8800A269A1 /* UIScrollViewExtension.swift in Sources */,
				5213C6D826AFAB8800A269A1 /* JSONSerializableExtension.swift in Sources */,
				5213C6E626AFAB8800A269A1 /* UIColorExtensions.swift in Sources */,
				5213C73426AFD04D00A269A1 /* DPDUIView+Extension.swift in Sources */,
				5213C6E226AFAB8800A269A1 /* UIImageExtension.swift in Sources */,
				5213C6DB26AFAB8800A269A1 /* HTTPCookieExtension.swift in Sources */,
				5213C6C126AFAB8800A269A1 /* UIButtonExtension.swift in Sources */,
				5213C6E126AFAB8800A269A1 /* UILabelExtensions.swift in Sources */,
				5213C6FB26AFBD7E00A269A1 /* Font.swift in Sources */,
				5226645A26C3B52900A0D1F6 /* PushAnimator.swift in Sources */,
				5213C73826AFD04D00A269A1 /* DropDown+Appearance.swift in Sources */,
				5213C6CB26AFAB8800A269A1 /* DictionaryExtensions.swift in Sources */,
				5213C6D326AFAB8800A269A1 /* UIAccessibilityExtensions.swift in Sources */,
				5213C6C326AFAB8800A269A1 /* NSLayoutConstraintExtension.swift in Sources */,
				5213C6D726AFAB8800A269A1 /* UITapGestureRecognizerExtension.swift in Sources */,
				5213C6C726AFAB8800A269A1 /* UIImageViewExtension.swift in Sources */,
				5226644F26C3B45700A0D1F6 /* LabelTestViewController.swift in Sources */,
				5226644D26C3B30F00A0D1F6 /* RootViewController.swift in Sources */,
				5213C6DD26AFAB8800A269A1 /* LocaleExtensions.swift in Sources */,
				5213C6CC26AFAB8800A269A1 /* StringExtensions.swift in Sources */,
				5213C6DF26AFAB8800A269A1 /* DateExtensions.swift in Sources */,
				5213C6C826AFAB8800A269A1 /* ArrayExtensions.swift in Sources */,
				5226645126C3B4EB00A0D1F6 /* RouterProtocol.swift in Sources */,
				5213C6D026AFAB8800A269A1 /* UITableViewExtension.swift in Sources */,
				5213C6D626AFAB8800A269A1 /* UIViewControllerExtensions.swift in Sources */,
				5226645926C3B52900A0D1F6 /* SnapShotView.swift in Sources */,
				5213C73326AFD04D00A269A1 /* DPDConstants.swift in Sources */,
				5213C6D126AFAB8800A269A1 /* BoolExtensions.swift in Sources */,
				5213C6C526AFAB8800A269A1 /* UIAlertControllerExtension.swift in Sources */,
				5213C6CA26AFAB8800A269A1 /* TimerExtensions.swift in Sources */,
				5213C74126AFFF5F00A269A1 /* BaseLabel.swift in Sources */,
				5213C6D926AFAB8800A269A1 /* UIViewExtensions.swift in Sources */,
				5213C68526AFAB4D00A269A1 /* AppDelegate.swift in Sources */,
				5213C69926AFAB6900A269A1 /* BaseButton.swift in Sources */,
				5213C6C926AFAB8800A269A1 /* UITextFieldExtensions.swift in Sources */,
				5213C6E326AFAB8800A269A1 /* NSObjectExtensions.swift in Sources */,
				5213C68726AFAB4D00A269A1 /* SceneDelegate.swift in Sources */,
				5213C6CD26AFAB8800A269A1 /* UIStoryboardExtensions.swift in Sources */,
				5213C73D26AFE72000A269A1 /* ColorPickerView.swift in Sources */,
				5213C73626AFD04D00A269A1 /* DropDown.swift in Sources */,
				5213C6CF26AFAB8800A269A1 /* OptionSetExtension.swift in Sources */,
			);
			runOnlyForDeploymentPostprocessing = 0;
		};
/* End PBXSourcesBuildPhase section */

/* Begin PBXVariantGroup section */
		5213C68A26AFAB4D00A269A1 /* Main.storyboard */ = {
			isa = PBXVariantGroup;
			children = (
				5213C68B26AFAB4D00A269A1 /* Base */,
			);
			name = Main.storyboard;
			sourceTree = "<group>";
		};
		5213C68F26AFAB4E00A269A1 /* LaunchScreen.storyboard */ = {
			isa = PBXVariantGroup;
			children = (
				5213C69026AFAB4E00A269A1 /* Base */,
			);
			name = LaunchScreen.storyboard;
			sourceTree = "<group>";
		};
/* End PBXVariantGroup section */

/* Begin XCBuildConfiguration section */
		5213C69326AFAB4E00A269A1 /* Debug */ = {
			isa = XCBuildConfiguration;
			buildSettings = {
				ALWAYS_SEARCH_USER_PATHS = NO;
				CLANG_ANALYZER_NONNULL = YES;
				CLANG_ANALYZER_NUMBER_OBJECT_CONVERSION = YES_AGGRESSIVE;
				CLANG_CXX_LANGUAGE_STANDARD = "gnu++14";
				CLANG_CXX_LIBRARY = "libc++";
				CLANG_ENABLE_MODULES = YES;
				CLANG_ENABLE_OBJC_ARC = YES;
				CLANG_ENABLE_OBJC_WEAK = YES;
				CLANG_WARN_BLOCK_CAPTURE_AUTORELEASING = YES;
				CLANG_WARN_BOOL_CONVERSION = YES;
				CLANG_WARN_COMMA = YES;
				CLANG_WARN_CONSTANT_CONVERSION = YES;
				CLANG_WARN_DEPRECATED_OBJC_IMPLEMENTATIONS = YES;
				CLANG_WARN_DIRECT_OBJC_ISA_USAGE = YES_ERROR;
				CLANG_WARN_DOCUMENTATION_COMMENTS = YES;
				CLANG_WARN_EMPTY_BODY = YES;
				CLANG_WARN_ENUM_CONVERSION = YES;
				CLANG_WARN_INFINITE_RECURSION = YES;
				CLANG_WARN_INT_CONVERSION = YES;
				CLANG_WARN_NON_LITERAL_NULL_CONVERSION = YES;
				CLANG_WARN_OBJC_IMPLICIT_RETAIN_SELF = YES;
				CLANG_WARN_OBJC_LITERAL_CONVERSION = YES;
				CLANG_WARN_OBJC_ROOT_CLASS = YES_ERROR;
				CLANG_WARN_QUOTED_INCLUDE_IN_FRAMEWORK_HEADER = YES;
				CLANG_WARN_RANGE_LOOP_ANALYSIS = YES;
				CLANG_WARN_STRICT_PROTOTYPES = YES;
				CLANG_WARN_SUSPICIOUS_MOVE = YES;
				CLANG_WARN_UNGUARDED_AVAILABILITY = YES_AGGRESSIVE;
				CLANG_WARN_UNREACHABLE_CODE = YES;
				CLANG_WARN__DUPLICATE_METHOD_MATCH = YES;
				COPY_PHASE_STRIP = NO;
				DEBUG_INFORMATION_FORMAT = dwarf;
				ENABLE_STRICT_OBJC_MSGSEND = YES;
				ENABLE_TESTABILITY = YES;
				GCC_C_LANGUAGE_STANDARD = gnu11;
				GCC_DYNAMIC_NO_PIC = NO;
				GCC_NO_COMMON_BLOCKS = YES;
				GCC_OPTIMIZATION_LEVEL = 0;
				GCC_PREPROCESSOR_DEFINITIONS = (
					"DEBUG=1",
					"$(inherited)",
				);
				GCC_WARN_64_TO_32_BIT_CONVERSION = YES;
				GCC_WARN_ABOUT_RETURN_TYPE = YES_ERROR;
				GCC_WARN_UNDECLARED_SELECTOR = YES;
				GCC_WARN_UNINITIALIZED_AUTOS = YES_AGGRESSIVE;
				GCC_WARN_UNUSED_FUNCTION = YES;
				GCC_WARN_UNUSED_VARIABLE = YES;
				IPHONEOS_DEPLOYMENT_TARGET = 11.0;
				MTL_ENABLE_DEBUG_INFO = INCLUDE_SOURCE;
				MTL_FAST_MATH = YES;
				ONLY_ACTIVE_ARCH = YES;
				SDKROOT = iphoneos;
				SWIFT_ACTIVE_COMPILATION_CONDITIONS = DEBUG;
				SWIFT_OPTIMIZATION_LEVEL = "-Onone";
			};
			name = Debug;
		};
		5213C69426AFAB4E00A269A1 /* Release */ = {
			isa = XCBuildConfiguration;
			buildSettings = {
				ALWAYS_SEARCH_USER_PATHS = NO;
				CLANG_ANALYZER_NONNULL = YES;
				CLANG_ANALYZER_NUMBER_OBJECT_CONVERSION = YES_AGGRESSIVE;
				CLANG_CXX_LANGUAGE_STANDARD = "gnu++14";
				CLANG_CXX_LIBRARY = "libc++";
				CLANG_ENABLE_MODULES = YES;
				CLANG_ENABLE_OBJC_ARC = YES;
				CLANG_ENABLE_OBJC_WEAK = YES;
				CLANG_WARN_BLOCK_CAPTURE_AUTORELEASING = YES;
				CLANG_WARN_BOOL_CONVERSION = YES;
				CLANG_WARN_COMMA = YES;
				CLANG_WARN_CONSTANT_CONVERSION = YES;
				CLANG_WARN_DEPRECATED_OBJC_IMPLEMENTATIONS = YES;
				CLANG_WARN_DIRECT_OBJC_ISA_USAGE = YES_ERROR;
				CLANG_WARN_DOCUMENTATION_COMMENTS = YES;
				CLANG_WARN_EMPTY_BODY = YES;
				CLANG_WARN_ENUM_CONVERSION = YES;
				CLANG_WARN_INFINITE_RECURSION = YES;
				CLANG_WARN_INT_CONVERSION = YES;
				CLANG_WARN_NON_LITERAL_NULL_CONVERSION = YES;
				CLANG_WARN_OBJC_IMPLICIT_RETAIN_SELF = YES;
				CLANG_WARN_OBJC_LITERAL_CONVERSION = YES;
				CLANG_WARN_OBJC_ROOT_CLASS = YES_ERROR;
				CLANG_WARN_QUOTED_INCLUDE_IN_FRAMEWORK_HEADER = YES;
				CLANG_WARN_RANGE_LOOP_ANALYSIS = YES;
				CLANG_WARN_STRICT_PROTOTYPES = YES;
				CLANG_WARN_SUSPICIOUS_MOVE = YES;
				CLANG_WARN_UNGUARDED_AVAILABILITY = YES_AGGRESSIVE;
				CLANG_WARN_UNREACHABLE_CODE = YES;
				CLANG_WARN__DUPLICATE_METHOD_MATCH = YES;
				COPY_PHASE_STRIP = NO;
				DEBUG_INFORMATION_FORMAT = "dwarf-with-dsym";
				ENABLE_NS_ASSERTIONS = NO;
				ENABLE_STRICT_OBJC_MSGSEND = YES;
				GCC_C_LANGUAGE_STANDARD = gnu11;
				GCC_NO_COMMON_BLOCKS = YES;
				GCC_WARN_64_TO_32_BIT_CONVERSION = YES;
				GCC_WARN_ABOUT_RETURN_TYPE = YES_ERROR;
				GCC_WARN_UNDECLARED_SELECTOR = YES;
				GCC_WARN_UNINITIALIZED_AUTOS = YES_AGGRESSIVE;
				GCC_WARN_UNUSED_FUNCTION = YES;
				GCC_WARN_UNUSED_VARIABLE = YES;
				IPHONEOS_DEPLOYMENT_TARGET = 11.0;
				MTL_ENABLE_DEBUG_INFO = NO;
				MTL_FAST_MATH = YES;
				SDKROOT = iphoneos;
				SWIFT_COMPILATION_MODE = wholemodule;
				SWIFT_OPTIMIZATION_LEVEL = "-O";
				VALIDATE_PRODUCT = YES;
			};
			name = Release;
		};
		5213C69626AFAB4E00A269A1 /* Debug */ = {
			isa = XCBuildConfiguration;
			buildSettings = {
				ASSETCATALOG_COMPILER_APPICON_NAME = AppIcon;
				ASSETCATALOG_COMPILER_GLOBAL_ACCENT_COLOR_NAME = AccentColor;
				CODE_SIGN_STYLE = Automatic;
				DEVELOPMENT_TEAM = LW3F5LSN8X;
				INFOPLIST_FILE = BaseUITest/Info.plist;
				LD_RUNPATH_SEARCH_PATHS = (
					"$(inherited)",
					"@executable_path/Frameworks",
				);
				PRODUCT_BUNDLE_IDENTIFIER = com.bata.test.BaseUITest;
				PRODUCT_NAME = "$(TARGET_NAME)";
				SWIFT_VERSION = 5.0;
				TARGETED_DEVICE_FAMILY = "1,2";
			};
			name = Debug;
		};
		5213C69726AFAB4E00A269A1 /* Release */ = {
			isa = XCBuildConfiguration;
			buildSettings = {
				ASSETCATALOG_COMPILER_APPICON_NAME = AppIcon;
				ASSETCATALOG_COMPILER_GLOBAL_ACCENT_COLOR_NAME = AccentColor;
				CODE_SIGN_STYLE = Automatic;
				DEVELOPMENT_TEAM = LW3F5LSN8X;
				INFOPLIST_FILE = BaseUITest/Info.plist;
				LD_RUNPATH_SEARCH_PATHS = (
					"$(inherited)",
					"@executable_path/Frameworks",
				);
				PRODUCT_BUNDLE_IDENTIFIER = com.bata.test.BaseUITest;
				PRODUCT_NAME = "$(TARGET_NAME)";
				SWIFT_VERSION = 5.0;
				TARGETED_DEVICE_FAMILY = "1,2";
			};
			name = Release;
		};
/* End XCBuildConfiguration section */

/* Begin XCConfigurationList section */
		5213C67C26AFAB4D00A269A1 /* Build configuration list for PBXProject "BaseUITest" */ = {
			isa = XCConfigurationList;
			buildConfigurations = (
				5213C69326AFAB4E00A269A1 /* Debug */,
				5213C69426AFAB4E00A269A1 /* Release */,
			);
			defaultConfigurationIsVisible = 0;
			defaultConfigurationName = Release;
		};
		5213C69526AFAB4E00A269A1 /* Build configuration list for PBXNativeTarget "BaseUITest" */ = {
			isa = XCConfigurationList;
			buildConfigurations = (
				5213C69626AFAB4E00A269A1 /* Debug */,
				5213C69726AFAB4E00A269A1 /* Release */,
			);
			defaultConfigurationIsVisible = 0;
			defaultConfigurationName = Release;
		};
/* End XCConfigurationList section */
	};
	rootObject = 5213C67926AFAB4D00A269A1 /* Project object */;
}
